
Microsoft Visual Studio Solution File, Format Version 12.00
# Visual Studio Version 16
VisualStudioVersion = 16.0.30804.86
MinimumVisualStudioVersion = 10.0.40219.1
Project("{FAE04EC0-301F-11D3-BF4B-00C04F79EFBC}") = "StackCustom", "StackCustom\StackCustom.csproj", "{95656F6B-83E8-470A-A20D-1F75DEE267CB}"
EndProject
Global
	GlobalSection(SolutionConfigurationPlatforms) = preSolution
		Debug|Any CPU = Debug|Any CPU
		Release|Any CPU = Release|Any CPU
	EndGlobalSection
	GlobalSection(ProjectConfigurationPlatforms) = postSolution
		{95656F6B-83E8-470A-A20D-1F75DEE267CB}.Debug|Any CPU.ActiveCfg = Debug|Any CPU
		{95656F6B-83E8-470A-A20D-1F75DEE267CB}.Debug|Any CPU.Build.0 = Debug|Any CPU
		{95656F6B-83E8-470A-A20D-1F75DEE267CB}.Release|Any CPU.ActiveCfg = Release|Any CPU
		{95656F6B-83E8-470A-A20D-1F75DEE267CB}.Release|Any CPU.Build.0 = Release|Any CPU
	EndGlobalSection
	GlobalSection(SolutionProperties) = preSolution
		HideSolutionNode = FALSE
	EndGlobalSection
	GlobalSection(ExtensibilityGlobals) = postSolution
		SolutionGuid = {BC4787F0-7934-4A55-8986-87CF8F0D853D}
	EndGlobalSection
EndGlobal
